// !$*UTF8*$!
{
	archiveVersion = 1;
	classes = {
	};
	objectVersion = 56;
	objects = {

/* Begin PBXBuildFile section */
		8653A2B329CF95D00071E998 /* AppDelegate.swift in Sources */ = {isa = PBXBuildFile; fileRef = 8653A2B229CF95D00071E998 /* AppDelegate.swift */; };
		8653A2B529CF95D00071E998 /* SceneDelegate.swift in Sources */ = {isa = PBXBuildFile; fileRef = 8653A2B429CF95D00071E998 /* SceneDelegate.swift */; };
		8653A2B729CF95D00071E998 /* ListViewController.swift in Sources */ = {isa = PBXBuildFile; fileRef = 8653A2B629CF95D00071E998 /* ListViewController.swift */; };
		8653A2BA29CF95D00071E998 /* Main.storyboard in Resources */ = {isa = PBXBuildFile; fileRef = 8653A2B829CF95D00071E998 /* Main.storyboard */; };
		8653A2BC29CF95D10071E998 /* Assets.xcassets in Resources */ = {isa = PBXBuildFile; fileRef = 8653A2BB29CF95D10071E998 /* Assets.xcassets */; };
		8653A2BF29CF95D10071E998 /* LaunchScreen.storyboard in Resources */ = {isa = PBXBuildFile; fileRef = 8653A2BD29CF95D10071E998 /* LaunchScreen.storyboard */; };
		8653A2C929CF96140071E998 /* URLSessionManager.swift in Sources */ = {isa = PBXBuildFile; fileRef = 8653A2C829CF96140071E998 /* URLSessionManager.swift */; };
		8653A2CC29CF9B240071E998 /* ListViewModel.swift in Sources */ = {isa = PBXBuildFile; fileRef = 8653A2CB29CF9B240071E998 /* ListViewModel.swift */; };
		8653A2CE29CF9B860071E998 /* NetworkClient.swift in Sources */ = {isa = PBXBuildFile; fileRef = 8653A2CD29CF9B860071E998 /* NetworkClient.swift */; };
		8653A2D029CF9CC00071E998 /* ListViewFactory.swift in Sources */ = {isa = PBXBuildFile; fileRef = 8653A2CF29CF9CC00071E998 /* ListViewFactory.swift */; };
		8653A2D629CFB3690071E998 /* Alamofire in Frameworks */ = {isa = PBXBuildFile; productRef = 8653A2D529CFB3690071E998 /* Alamofire */; };
		8653A2D829CFB37A0071E998 /* AlamofireManager.swift in Sources */ = {isa = PBXBuildFile; fileRef = 8653A2D729CFB37A0071E998 /* AlamofireManager.swift */; };
/* End PBXBuildFile section */

/* Begin PBXFileReference section */
		8653A2AF29CF95D00071E998 /* NetworkCase.app */ = {isa = PBXFileReference; explicitFileType = wrapper.application; includeInIndex = 0; path = NetworkCase.app; sourceTree = BUILT_PRODUCTS_DIR; };
		8653A2B229CF95D00071E998 /* AppDelegate.swift */ = {isa = PBXFileReference; lastKnownFileType = sourcecode.swift; path = AppDelegate.swift; sourceTree = "<group>"; };
		8653A2B429CF95D00071E998 /* SceneDelegate.swift */ = {isa = PBXFileReference; lastKnownFileType = sourcecode.swift; path = SceneDelegate.swift; sourceTree = "<group>"; };
		8653A2B629CF95D00071E998 /* ListViewController.swift */ = {isa = PBXFileReference; lastKnownFileType = sourcecode.swift; path = ListViewController.swift; sourceTree = "<group>"; };
		8653A2B929CF95D00071E998 /* Base */ = {isa = PBXFileReference; lastKnownFileType = file.storyboard; name = Base; path = Base.lproj/Main.storyboard; sourceTree = "<group>"; };
		8653A2BB29CF95D10071E998 /* Assets.xcassets */ = {isa = PBXFileReference; lastKnownFileType = folder.assetcatalog; path = Assets.xcassets; sourceTree = "<group>"; };
		8653A2BE29CF95D10071E998 /* Base */ = {isa = PBXFileReference; lastKnownFileType = file.storyboard; name = Base; path = Base.lproj/LaunchScreen.storyboard; sourceTree = "<group>"; };
		8653A2C029CF95D10071E998 /* Info.plist */ = {isa = PBXFileReference; lastKnownFileType = text.plist.xml; path = Info.plist; sourceTree = "<group>"; };
		8653A2C829CF96140071E998 /* URLSessionManager.swift */ = {isa = PBXFileReference; lastKnownFileType = sourcecode.swift; path = URLSessionManager.swift; sourceTree = "<group>"; };
		8653A2CB29CF9B240071E998 /* ListViewModel.swift */ = {isa = PBXFileReference; lastKnownFileType = sourcecode.swift; path = ListViewModel.swift; sourceTree = "<group>"; };
		8653A2CD29CF9B860071E998 /* NetworkClient.swift */ = {isa = PBXFileReference; lastKnownFileType = sourcecode.swift; path = NetworkClient.swift; sourceTree = "<group>"; };
		8653A2CF29CF9CC00071E998 /* ListViewFactory.swift */ = {isa = PBXFileReference; lastKnownFileType = sourcecode.swift; path = ListViewFactory.swift; sourceTree = "<group>"; };
		8653A2D729CFB37A0071E998 /* AlamofireManager.swift */ = {isa = PBXFileReference; lastKnownFileType = sourcecode.swift; path = AlamofireManager.swift; sourceTree = "<group>"; };
/* End PBXFileReference section */

/* Begin PBXFrameworksBuildPhase section */
		8653A2AC29CF95D00071E998 /* Frameworks */ = {
			isa = PBXFrameworksBuildPhase;
			buildActionMask = 2147483647;
			files = (
				8653A2D629CFB3690071E998 /* Alamofire in Frameworks */,
			);
			runOnlyForDeploymentPostprocessing = 0;
		};
/* End PBXFrameworksBuildPhase section */

/* Begin PBXGroup section */
		8653A2A629CF95D00071E998 = {
			isa = PBXGroup;
			children = (
				8653A2B129CF95D00071E998 /* NetworkCase */,
				8653A2B029CF95D00071E998 /* Products */,
			);
			sourceTree = "<group>";
		};
		8653A2B029CF95D00071E998 /* Products */ = {
			isa = PBXGroup;
			children = (
				8653A2AF29CF95D00071E998 /* NetworkCase.app */,
			);
			name = Products;
			sourceTree = "<group>";
		};
		8653A2B129CF95D00071E998 /* NetworkCase */ = {
			isa = PBXGroup;
			children = (
				8653A2CA29CF96380071E998 /* NetworkClient */,
				8653A2C729CF95E20071E998 /* URLSession */,
				8653A2C629CF95D90071E998 /* Alamofire */,
				8653A2B229CF95D00071E998 /* AppDelegate.swift */,
				8653A2B429CF95D00071E998 /* SceneDelegate.swift */,
				8653A2B629CF95D00071E998 /* ListViewController.swift */,
				8653A2CB29CF9B240071E998 /* ListViewModel.swift */,
				8653A2CF29CF9CC00071E998 /* ListViewFactory.swift */,
				8653A2B829CF95D00071E998 /* Main.storyboard */,
				8653A2BB29CF95D10071E998 /* Assets.xcassets */,
				8653A2BD29CF95D10071E998 /* LaunchScreen.storyboard */,
				8653A2C029CF95D10071E998 /* Info.plist */,
			);
			path = NetworkCase;
			sourceTree = "<group>";
		};
		8653A2C629CF95D90071E998 /* Alamofire */ = {
			isa = PBXGroup;
			children = (
				8653A2D729CFB37A0071E998 /* AlamofireManager.swift */,
			);
			path = Alamofire;
			sourceTree = "<group>";
		};
		8653A2C729CF95E20071E998 /* URLSession */ = {
			isa = PBXGroup;
			children = (
				8653A2C829CF96140071E998 /* URLSessionManager.swift */,
			);
			path = URLSession;
			sourceTree = "<group>";
		};
		8653A2CA29CF96380071E998 /* NetworkClient */ = {
			isa = PBXGroup;
			children = (
				8653A2CD29CF9B860071E998 /* NetworkClient.swift */,
			);
			path = NetworkClient;
			sourceTree = "<group>";
		};
/* End PBXGroup section */

/* Begin PBXNativeTarget section */
		8653A2AE29CF95D00071E998 /* NetworkCase */ = {
			isa = PBXNativeTarget;
			buildConfigurationList = 8653A2C329CF95D10071E998 /* Build configuration list for PBXNativeTarget "NetworkCase" */;
			buildPhases = (
				8653A2AB29CF95D00071E998 /* Sources */,
				8653A2AC29CF95D00071E998 /* Frameworks */,
				8653A2AD29CF95D00071E998 /* Resources */,
			);
			buildRules = (
			);
			dependencies = (
			);
			name = NetworkCase;
			packageProductDependencies = (
				8653A2D529CFB3690071E998 /* Alamofire */,
			);
			productName = NetworkCase;
			productReference = 8653A2AF29CF95D00071E998 /* NetworkCase.app */;
			productType = "com.apple.product-type.application";
		};
/* End PBXNativeTarget section */

/* Begin PBXProject section */
		8653A2A729CF95D00071E998 /* Project object */ = {
			isa = PBXProject;
			attributes = {
				BuildIndependentTargetsInParallel = 1;
				LastSwiftUpdateCheck = 1420;
				LastUpgradeCheck = 1420;
				TargetAttributes = {
					8653A2AE29CF95D00071E998 = {
						CreatedOnToolsVersion = 14.2;
					};
				};
			};
			buildConfigurationList = 8653A2AA29CF95D00071E998 /* Build configuration list for PBXProject "NetworkCase" */;
			compatibilityVersion = "Xcode 14.0";
			developmentRegion = en;
			hasScannedForEncodings = 0;
			knownRegions = (
				en,
				Base,
			);
			mainGroup = 8653A2A629CF95D00071E998;
			packageReferences = (
				8653A2D429CFB3690071E998 /* XCRemoteSwiftPackageReference "Alamofire" */,
			);
			productRefGroup = 8653A2B029CF95D00071E998 /* Products */;
			projectDirPath = "";
			projectRoot = "";
			targets = (
				8653A2AE29CF95D00071E998 /* NetworkCase */,
			);
		};
/* End PBXProject section */

/* Begin PBXResourcesBuildPhase section */
		8653A2AD29CF95D00071E998 /* Resources */ = {
			isa = PBXResourcesBuildPhase;
			buildActionMask = 2147483647;
			files = (
				8653A2BF29CF95D10071E998 /* LaunchScreen.storyboard in Resources */,
				8653A2BC29CF95D10071E998 /* Assets.xcassets in Resources */,
				8653A2BA29CF95D00071E998 /* Main.storyboard in Resources */,
			);
			runOnlyForDeploymentPostprocessing = 0;
		};
/* End PBXResourcesBuildPhase section */

/* Begin PBXSourcesBuildPhase section */
		8653A2AB29CF95D00071E998 /* Sources */ = {
			isa = PBXSourcesBuildPhase;
			buildActionMask = 2147483647;
			files = (
				8653A2D029CF9CC00071E998 /* ListViewFactory.swift in Sources */,
				8653A2CC29CF9B240071E998 /* ListViewModel.swift in Sources */,
				8653A2C929CF96140071E998 /* URLSessionManager.swift in Sources */,
				8653A2B729CF95D00071E998 /* ListViewController.swift in Sources */,
				8653A2D829CFB37A0071E998 /* AlamofireManager.swift in Sources */,
				8653A2B329CF95D00071E998 /* AppDelegate.swift in Sources */,
				8653A2B529CF95D00071E998 /* SceneDelegate.swift in Sources */,
				8653A2CE29CF9B860071E998 /* NetworkClient.swift in Sources */,
			);
			runOnlyForDeploymentPostprocessing = 0;
		};
/* End PBXSourcesBuildPhase section */

/* Begin PBXVariantGroup section */
		8653A2B829CF95D00071E998 /* Main.storyboard */ = {
			isa = PBXVariantGroup;
			children = (
				8653A2B929CF95D00071E998 /* Base */,
			);
			name = Main.storyboard;
			sourceTree = "<group>";
		};
		8653A2BD29CF95D10071E998 /* LaunchScreen.storyboard */ = {
			isa = PBXVariantGroup;
			children = (
				8653A2BE29CF95D10071E998 /* Base */,
			);
			name = LaunchScreen.storyboard;
			sourceTree = "<group>";
		};
/* End PBXVariantGroup section */

/* Begin XCBuildConfiguration section */
		8653A2C129CF95D10071E998 /* Debug */ = {
			isa = XCBuildConfiguration;
			buildSettings = {
				ALWAYS_SEARCH_USER_PATHS = NO;
				CLANG_ANALYZER_NONNULL = YES;
				CLANG_ANALYZER_NUMBER_OBJECT_CONVERSION = YES_AGGRESSIVE;
				CLANG_CXX_LANGUAGE_STANDARD = "gnu++20";
				CLANG_ENABLE_MODULES = YES;
				CLANG_ENABLE_OBJC_ARC = YES;
				CLANG_ENABLE_OBJC_WEAK = YES;
				CLANG_WARN_BLOCK_CAPTURE_AUTORELEASING = YES;
				CLANG_WARN_BOOL_CONVERSION = YES;
				CLANG_WARN_COMMA = YES;
				CLANG_WARN_CONSTANT_CONVERSION = YES;
				CLANG_WARN_DEPRECATED_OBJC_IMPLEMENTATIONS = YES;
				CLANG_WARN_DIRECT_OBJC_ISA_USAGE = YES_ERROR;
				CLANG_WARN_DOCUMENTATION_COMMENTS = YES;
				CLANG_WARN_EMPTY_BODY = YES;
				CLANG_WARN_ENUM_CONVERSION = YES;
				CLANG_WARN_INFINITE_RECURSION = YES;
				CLANG_WARN_INT_CONVERSION = YES;
				CLANG_WARN_NON_LITERAL_NULL_CONVERSION = YES;
				CLANG_WARN_OBJC_IMPLICIT_RETAIN_SELF = YES;
				CLANG_WARN_OBJC_LITERAL_CONVERSION = YES;
				CLANG_WARN_OBJC_ROOT_CLASS = YES_ERROR;
				CLANG_WARN_QUOTED_INCLUDE_IN_FRAMEWORK_HEADER = YES;
				CLANG_WARN_RANGE_LOOP_ANALYSIS = YES;
				CLANG_WARN_STRICT_PROTOTYPES = YES;
				CLANG_WARN_SUSPICIOUS_MOVE = YES;
				CLANG_WARN_UNGUARDED_AVAILABILITY = YES_AGGRESSIVE;
				CLANG_WARN_UNREACHABLE_CODE = YES;
				CLANG_WARN__DUPLICATE_METHOD_MATCH = YES;
				COPY_PHASE_STRIP = NO;
				DEBUG_INFORMATION_FORMAT = dwarf;
				ENABLE_STRICT_OBJC_MSGSEND = YES;
				ENABLE_TESTABILITY = YES;
				GCC_C_LANGUAGE_STANDARD = gnu11;
				GCC_DYNAMIC_NO_PIC = NO;
				GCC_NO_COMMON_BLOCKS = YES;
				GCC_OPTIMIZATION_LEVEL = 0;
				GCC_PREPROCESSOR_DEFINITIONS = (
					"DEBUG=1",
					"$(inherited)",
				);
				GCC_WARN_64_TO_32_BIT_CONVERSION = YES;
				GCC_WARN_ABOUT_RETURN_TYPE = YES_ERROR;
				GCC_WARN_UNDECLARED_SELECTOR = YES;
				GCC_WARN_UNINITIALIZED_AUTOS = YES_AGGRESSIVE;
				GCC_WARN_UNUSED_FUNCTION = YES;
				GCC_WARN_UNUSED_VARIABLE = YES;
				IPHONEOS_DEPLOYMENT_TARGET = 16.2;
				MTL_ENABLE_DEBUG_INFO = INCLUDE_SOURCE;
				MTL_FAST_MATH = YES;
				ONLY_ACTIVE_ARCH = YES;
				SDKROOT = iphoneos;
				SWIFT_ACTIVE_COMPILATION_CONDITIONS = DEBUG;
				SWIFT_OPTIMIZATION_LEVEL = "-Onone";
			};
			name = Debug;
		};
		8653A2C229CF95D10071E998 /* Release */ = {
			isa = XCBuildConfiguration;
			buildSettings = {
				ALWAYS_SEARCH_USER_PATHS = NO;
				CLANG_ANALYZER_NONNULL = YES;
				CLANG_ANALYZER_NUMBER_OBJECT_CONVERSION = YES_AGGRESSIVE;
				CLANG_CXX_LANGUAGE_STANDARD = "gnu++20";
				CLANG_ENABLE_MODULES = YES;
				CLANG_ENABLE_OBJC_ARC = YES;
				CLANG_ENABLE_OBJC_WEAK = YES;
				CLANG_WARN_BLOCK_CAPTURE_AUTORELEASING = YES;
				CLANG_WARN_BOOL_CONVERSION = YES;
				CLANG_WARN_COMMA = YES;
				CLANG_WARN_CONSTANT_CONVERSION = YES;
				CLANG_WARN_DEPRECATED_OBJC_IMPLEMENTATIONS = YES;
				CLANG_WARN_DIRECT_OBJC_ISA_USAGE = YES_ERROR;
				CLANG_WARN_DOCUMENTATION_COMMENTS = YES;
				CLANG_WARN_EMPTY_BODY = YES;
				CLANG_WARN_ENUM_CONVERSION = YES;
				CLANG_WARN_INFINITE_RECURSION = YES;
				CLANG_WARN_INT_CONVERSION = YES;
				CLANG_WARN_NON_LITERAL_NULL_CONVERSION = YES;
				CLANG_WARN_OBJC_IMPLICIT_RETAIN_SELF = YES;
				CLANG_WARN_OBJC_LITERAL_CONVERSION = YES;
				CLANG_WARN_OBJC_ROOT_CLASS = YES_ERROR;
				CLANG_WARN_QUOTED_INCLUDE_IN_FRAMEWORK_HEADER = YES;
				CLANG_WARN_RANGE_LOOP_ANALYSIS = YES;
				CLANG_WARN_STRICT_PROTOTYPES = YES;
				CLANG_WARN_SUSPICIOUS_MOVE = YES;
				CLANG_WARN_UNGUARDED_AVAILABILITY = YES_AGGRESSIVE;
				CLANG_WARN_UNREACHABLE_CODE = YES;
				CLANG_WARN__DUPLICATE_METHOD_MATCH = YES;
				COPY_PHASE_STRIP = NO;
				DEBUG_INFORMATION_FORMAT = "dwarf-with-dsym";
				ENABLE_NS_ASSERTIONS = NO;
				ENABLE_STRICT_OBJC_MSGSEND = YES;
				GCC_C_LANGUAGE_STANDARD = gnu11;
				GCC_NO_COMMON_BLOCKS = YES;
				GCC_WARN_64_TO_32_BIT_CONVERSION = YES;
				GCC_WARN_ABOUT_RETURN_TYPE = YES_ERROR;
				GCC_WARN_UNDECLARED_SELECTOR = YES;
				GCC_WARN_UNINITIALIZED_AUTOS = YES_AGGRESSIVE;
				GCC_WARN_UNUSED_FUNCTION = YES;
				GCC_WARN_UNUSED_VARIABLE = YES;
				IPHONEOS_DEPLOYMENT_TARGET = 16.2;
				MTL_ENABLE_DEBUG_INFO = NO;
				MTL_FAST_MATH = YES;
				SDKROOT = iphoneos;
				SWIFT_COMPILATION_MODE = wholemodule;
				SWIFT_OPTIMIZATION_LEVEL = "-O";
				VALIDATE_PRODUCT = YES;
			};
			name = Release;
		};
		8653A2C429CF95D10071E998 /* Debug */ = {
			isa = XCBuildConfiguration;
			buildSettings = {
				ASSETCATALOG_COMPILER_APPICON_NAME = AppIcon;
				ASSETCATALOG_COMPILER_GLOBAL_ACCENT_COLOR_NAME = AccentColor;
				CODE_SIGN_STYLE = Automatic;
				CURRENT_PROJECT_VERSION = 1;
				GENERATE_INFOPLIST_FILE = YES;
				INFOPLIST_FILE = NetworkCase/Info.plist;
				INFOPLIST_KEY_UIApplicationSupportsIndirectInputEvents = YES;
				INFOPLIST_KEY_UILaunchStoryboardName = LaunchScreen;
				INFOPLIST_KEY_UIMainStoryboardFile = Main;
				INFOPLIST_KEY_UISupportedInterfaceOrientations_iPad = "UIInterfaceOrientationPortrait UIInterfaceOrientationPortraitUpsideDown UIInterfaceOrientationLandscapeLeft UIInterfaceOrientationLandscapeRight";
				INFOPLIST_KEY_UISupportedInterfaceOrientations_iPhone = "UIInterfaceOrientationPortrait UIInterfaceOrientationLandscapeLeft UIInterfaceOrientationLandscapeRight";
				LD_RUNPATH_SEARCH_PATHS = (
					"$(inherited)",
					"@executable_path/Frameworks",
				);
				MARKETING_VERSION = 1.0;
				PRODUCT_BUNDLE_IDENTIFIER = br.com.comitando.NetworkCase;
				PRODUCT_NAME = "$(TARGET_NAME)";
				SWIFT_EMIT_LOC_STRINGS = YES;
				SWIFT_VERSION = 5.0;
				TARGETED_DEVICE_FAMILY = "1,2";
			};
			name = Debug;
		};
		8653A2C529CF95D10071E998 /* Release */ = {
			isa = XCBuildConfiguration;
			buildSettings = {
				ASSETCATALOG_COMPILER_APPICON_NAME = AppIcon;
				ASSETCATALOG_COMPILER_GLOBAL_ACCENT_COLOR_NAME = AccentColor;
				CODE_SIGN_STYLE = Automatic;
				CURRENT_PROJECT_VERSION = 1;
				GENERATE_INFOPLIST_FILE = YES;
				INFOPLIST_FILE = NetworkCase/Info.plist;
				INFOPLIST_KEY_UIApplicationSupportsIndirectInputEvents = YES;
				INFOPLIST_KEY_UILaunchStoryboardName = LaunchScreen;
				INFOPLIST_KEY_UIMainStoryboardFile = Main;
				INFOPLIST_KEY_UISupportedInterfaceOrientations_iPad = "UIInterfaceOrientationPortrait UIInterfaceOrientationPortraitUpsideDown UIInterfaceOrientationLandscapeLeft UIInterfaceOrientationLandscapeRight";
				INFOPLIST_KEY_UISupportedInterfaceOrientations_iPhone = "UIInterfaceOrientationPortrait UIInterfaceOrientationLandscapeLeft UIInterfaceOrientationLandscapeRight";
				LD_RUNPATH_SEARCH_PATHS = (
					"$(inherited)",
					"@executable_path/Frameworks",
				);
				MARKETING_VERSION = 1.0;
				PRODUCT_BUNDLE_IDENTIFIER = br.com.comitando.NetworkCase;
				PRODUCT_NAME = "$(TARGET_NAME)";
				SWIFT_EMIT_LOC_STRINGS = YES;
				SWIFT_VERSION = 5.0;
				TARGETED_DEVICE_FAMILY = "1,2";
			};
			name = Release;
		};
/* End XCBuildConfiguration section */

/* Begin XCConfigurationList section */
		8653A2AA29CF95D00071E998 /* Build configuration list for PBXProject "NetworkCase" */ = {
			isa = XCConfigurationList;
			buildConfigurations = (
				8653A2C129CF95D10071E998 /* Debug */,
				8653A2C229CF95D10071E998 /* Release */,
			);
			defaultConfigurationIsVisible = 0;
			defaultConfigurationName = Release;
		};
		8653A2C329CF95D10071E998 /* Build configuration list for PBXNativeTarget "NetworkCase" */ = {
			isa = XCConfigurationList;
			buildConfigurations = (
				8653A2C429CF95D10071E998 /* Debug */,
				8653A2C529CF95D10071E998 /* Release */,
			);
			defaultConfigurationIsVisible = 0;
			defaultConfigurationName = Release;
		};
/* End XCConfigurationList section */

/* Begin XCRemoteSwiftPackageReference section */
		8653A2D429CFB3690071E998 /* XCRemoteSwiftPackageReference "Alamofire" */ = {
			isa = XCRemoteSwiftPackageReference;
			repositoryURL = "https://github.com/Alamofire/Alamofire.git";
			requirement = {
				kind = upToNextMajorVersion;
				minimumVersion = 5.0.0;
			};
		};
/* End XCRemoteSwiftPackageReference section */

/* Begin XCSwiftPackageProductDependency section */
		8653A2D529CFB3690071E998 /* Alamofire */ = {
			isa = XCSwiftPackageProductDependency;
			package = 8653A2D429CFB3690071E998 /* XCRemoteSwiftPackageReference "Alamofire" */;
			productName = Alamofire;
		};
/* End XCSwiftPackageProductDependency section */
	};
	rootObject = 8653A2A729CF95D00071E998 /* Project object */;
}
